
Microsoft Visual Studio Solution File, Format Version 12.00
# Visual Studio Version 17
VisualStudioVersion = 17.3.32825.248
MinimumVisualStudioVersion = 10.0.40219.1
Project("{FAE04EC0-301F-11D3-BF4B-00C04F79EFBC}") = "Disconnected_Archi_Product", "Disconnected_Archi_Product.csproj", "{F4B99CC7-8050-46F2-BAF5-12C8D087FA1A}"
EndProject
Global
	GlobalSection(SolutionConfigurationPlatforms) = preSolution
		Debug|Any CPU = Debug|Any CPU
		Release|Any CPU = Release|Any CPU
	EndGlobalSection
	GlobalSection(ProjectConfigurationPlatforms) = postSolution
		{F4B99CC7-8050-46F2-BAF5-12C8D087FA1A}.Debug|Any CPU.ActiveCfg = Debug|Any CPU
		{F4B99CC7-8050-46F2-BAF5-12C8D087FA1A}.Debug|Any CPU.Build.0 = Debug|Any CPU
		{F4B99CC7-8050-46F2-BAF5-12C8D087FA1A}.Release|Any CPU.ActiveCfg = Release|Any CPU
		{F4B99CC7-8050-46F2-BAF5-12C8D087FA1A}.Release|Any CPU.Build.0 = Release|Any CPU
	EndGlobalSection
	GlobalSection(SolutionProperties) = preSolution
		HideSolutionNode = FALSE
	EndGlobalSection
	GlobalSection(ExtensibilityGlobals) = postSolution
		SolutionGuid = {5F20CC26-A611-40B4-8029-C22A541DF77F}
	EndGlobalSection
EndGlobal
